// !$*UTF8*$!
{
	archiveVersion = 1;
	classes = {
	};
	objectVersion = 77;
	objects = {

/* Begin PBXContainerItemProxy section */
		C18E81562D5E453C0059C92B /* PBXContainerItemProxy */ = {
			isa = PBXContainerItemProxy;
			containerPortal = C18E81372D5E453A0059C92B /* Project object */;
			proxyType = 1;
			remoteGlobalIDString = C18E813E2D5E453A0059C92B;
			remoteInfo = MyPills;
		};
		C18E81602D5E453C0059C92B /* PBXContainerItemProxy */ = {
			isa = PBXContainerItemProxy;
			containerPortal = C18E81372D5E453A0059C92B /* Project object */;
			proxyType = 1;
			remoteGlobalIDString = C18E813E2D5E453A0059C92B;
			remoteInfo = MyPills;
		};
/* End PBXContainerItemProxy section */

/* Begin PBXFileReference section */
		C18E813F2D5E453A0059C92B /* MyPills.app */ = {isa = PBXFileReference; explicitFileType = wrapper.application; includeInIndex = 0; path = MyPills.app; sourceTree = BUILT_PRODUCTS_DIR; };
		C18E81552D5E453C0059C92B /* MyPillsTests.xctest */ = {isa = PBXFileReference; explicitFileType = wrapper.cfbundle; includeInIndex = 0; path = MyPillsTests.xctest; sourceTree = BUILT_PRODUCTS_DIR; };
		C18E815F2D5E453C0059C92B /* MyPillsUITests.xctest */ = {isa = PBXFileReference; explicitFileType = wrapper.cfbundle; includeInIndex = 0; path = MyPillsUITests.xctest; sourceTree = BUILT_PRODUCTS_DIR; };
/* End PBXFileReference section */

/* Begin PBXFileSystemSynchronizedBuildFileExceptionSet section */
		C18B69122D68914F0035C4D8 /* Exceptions for "MyPills" folder in "MyPills" target */ = {
			isa = PBXFileSystemSynchronizedBuildFileExceptionSet;
			membershipExceptions = (
				Info.plist,
			);
			target = C18E813E2D5E453A0059C92B /* MyPills */;
		};
/* End PBXFileSystemSynchronizedBuildFileExceptionSet section */

/* Begin PBXFileSystemSynchronizedRootGroup section */
		C18B68FF2D68914F0035C4D8 /* MyPills */ = {
			isa = PBXFileSystemSynchronizedRootGroup;
			exceptions = (
				C18B69122D68914F0035C4D8 /* Exceptions for "MyPills" folder in "MyPills" target */,
			);
			path = MyPills;
			sourceTree = "<group>";
		};
		C18E81582D5E453C0059C92B /* MyPillsTests */ = {
			isa = PBXFileSystemSynchronizedRootGroup;
			path = MyPillsTests;
			sourceTree = "<group>";
		};
		C18E81622D5E453C0059C92B /* MyPillsUITests */ = {
			isa = PBXFileSystemSynchronizedRootGroup;
			path = MyPillsUITests;
			sourceTree = "<group>";
		};
/* End PBXFileSystemSynchronizedRootGroup section */

/* Begin PBXFrameworksBuildPhase section */
		C18E813C2D5E453A0059C92B /* Frameworks */ = {
			isa = PBXFrameworksBuildPhase;
			buildActionMask = 2147483647;
			files = (
			);
			runOnlyForDeploymentPostprocessing = 0;
		};
		C18E81522D5E453C0059C92B /* Frameworks */ = {
			isa = PBXFrameworksBuildPhase;
			buildActionMask = 2147483647;
			files = (
			);
			runOnlyForDeploymentPostprocessing = 0;
		};
		C18E815C2D5E453C0059C92B /* Frameworks */ = {
			isa = PBXFrameworksBuildPhase;
			buildActionMask = 2147483647;
			files = (
			);
			runOnlyForDeploymentPostprocessing = 0;
		};
/* End PBXFrameworksBuildPhase section */

/* Begin PBXGroup section */
		C18E81362D5E453A0059C92B = {
			isa = PBXGroup;
			children = (
				C18B68FF2D68914F0035C4D8 /* MyPills */,
				C18E81582D5E453C0059C92B /* MyPillsTests */,
				C18E81622D5E453C0059C92B /* MyPillsUITests */,
				C18E81402D5E453A0059C92B /* Products */,
			);
			sourceTree = "<group>";
		};
		C18E81402D5E453A0059C92B /* Products */ = {
			isa = PBXGroup;
			children = (
				C18E813F2D5E453A0059C92B /* MyPills.app */,
				C18E81552D5E453C0059C92B /* MyPillsTests.xctest */,
				C18E815F2D5E453C0059C92B /* MyPillsUITests.xctest */,
			);
			name = Products;
			sourceTree = "<group>";
		};
/* End PBXGroup section */

/* Begin PBXNativeTarget section */
		C18E813E2D5E453A0059C92B /* MyPills */ = {
			isa = PBXNativeTarget;
			buildConfigurationList = C18E81682D5E453C0059C92B /* Build configuration list for PBXNativeTarget "MyPills" */;
			buildPhases = (
				C18E813B2D5E453A0059C92B /* Sources */,
				C18E813C2D5E453A0059C92B /* Frameworks */,
				C18E813D2D5E453A0059C92B /* Resources */,
			);
			buildRules = (
			);
			dependencies = (
			);
			fileSystemSynchronizedGroups = (
				C18B68FF2D68914F0035C4D8 /* MyPills */,
			);
			name = MyPills;
			packageProductDependencies = (
			);
			productName = MyPills;
			productReference = C18E813F2D5E453A0059C92B /* MyPills.app */;
			productType = "com.apple.product-type.application";
		};
		C18E81542D5E453C0059C92B /* MyPillsTests */ = {
			isa = PBXNativeTarget;
			buildConfigurationList = C18E816D2D5E453C0059C92B /* Build configuration list for PBXNativeTarget "MyPillsTests" */;
			buildPhases = (
				C18E81512D5E453C0059C92B /* Sources */,
				C18E81522D5E453C0059C92B /* Frameworks */,
				C18E81532D5E453C0059C92B /* Resources */,
			);
			buildRules = (
			);
			dependencies = (
				C18E81572D5E453C0059C92B /* PBXTargetDependency */,
			);
			fileSystemSynchronizedGroups = (
				C18E81582D5E453C0059C92B /* MyPillsTests */,
			);
			name = MyPillsTests;
			packageProductDependencies = (
			);
			productName = MyPillsTests;
			productReference = C18E81552D5E453C0059C92B /* MyPillsTests.xctest */;
			productType = "com.apple.product-type.bundle.unit-test";
		};
		C18E815E2D5E453C0059C92B /* MyPillsUITests */ = {
			isa = PBXNativeTarget;
			buildConfigurationList = C18E81702D5E453C0059C92B /* Build configuration list for PBXNativeTarget "MyPillsUITests" */;
			buildPhases = (
				C18E815B2D5E453C0059C92B /* Sources */,
				C18E815C2D5E453C0059C92B /* Frameworks */,
				C18E815D2D5E453C0059C92B /* Resources */,
			);
			buildRules = (
			);
			dependencies = (
				C18E81612D5E453C0059C92B /* PBXTargetDependency */,
			);
			fileSystemSynchronizedGroups = (
				C18E81622D5E453C0059C92B /* MyPillsUITests */,
			);
			name = MyPillsUITests;
			packageProductDependencies = (
			);
			productName = MyPillsUITests;
			productReference = C18E815F2D5E453C0059C92B /* MyPillsUITests.xctest */;
			productType = "com.apple.product-type.bundle.ui-testing";
		};
/* End PBXNativeTarget section */

/* Begin PBXProject section */
		C18E81372D5E453A0059C92B /* Project object */ = {
			isa = PBXProject;
			attributes = {
				BuildIndependentTargetsInParallel = 1;
				LastSwiftUpdateCheck = 1620;
				LastUpgradeCheck = 1620;
				TargetAttributes = {
					C18E813E2D5E453A0059C92B = {
						CreatedOnToolsVersion = 16.2;
					};
					C18E81542D5E453C0059C92B = {
						CreatedOnToolsVersion = 16.2;
						TestTargetID = C18E813E2D5E453A0059C92B;
					};
					C18E815E2D5E453C0059C92B = {
						CreatedOnToolsVersion = 16.2;
						TestTargetID = C18E813E2D5E453A0059C92B;
					};
				};
			};
			buildConfigurationList = C18E813A2D5E453A0059C92B /* Build configuration list for PBXProject "MyPills" */;
			developmentRegion = en;
			hasScannedForEncodings = 0;
			knownRegions = (
				en,
				Base,
			);
			mainGroup = C18E81362D5E453A0059C92B;
			minimizedProjectReferenceProxies = 1;
			preferredProjectObjectVersion = 77;
			productRefGroup = C18E81402D5E453A0059C92B /* Products */;
			projectDirPath = "";
			projectRoot = "";
			targets = (
				C18E813E2D5E453A0059C92B /* MyPills */,
				C18E81542D5E453C0059C92B /* MyPillsTests */,
				C18E815E2D5E453C0059C92B /* MyPillsUITests */,
			);
		};
/* End PBXProject section */

/* Begin PBXResourcesBuildPhase section */
		C18E813D2D5E453A0059C92B /* Resources */ = {
			isa = PBXResourcesBuildPhase;
			buildActionMask = 2147483647;
			files = (
			);
			runOnlyForDeploymentPostprocessing = 0;
		};
		C18E81532D5E453C0059C92B /* Resources */ = {
			isa = PBXResourcesBuildPhase;
			buildActionMask = 2147483647;
			files = (
			);
			runOnlyForDeploymentPostprocessing = 0;
		};
		C18E815D2D5E453C0059C92B /* Resources */ = {
			isa = PBXResourcesBuildPhase;
			buildActionMask = 2147483647;
			files = (
			);
			runOnlyForDeploymentPostprocessing = 0;
		};
/* End PBXResourcesBuildPhase section */

/* Begin PBXSourcesBuildPhase section */
		C18E813B2D5E453A0059C92B /* Sources */ = {
			isa = PBXSourcesBuildPhase;
			buildActionMask = 2147483647;
			files = (
			);
			runOnlyForDeploymentPostprocessing = 0;
		};
		C18E81512D5E453C0059C92B /* Sources */ = {
			isa = PBXSourcesBuildPhase;
			buildActionMask = 2147483647;
			files = (
			);
			runOnlyForDeploymentPostprocessing = 0;
		};
		C18E815B2D5E453C0059C92B /* Sources */ = {
			isa = PBXSourcesBuildPhase;
			buildActionMask = 2147483647;
			files = (
			);
			runOnlyForDeploymentPostprocessing = 0;
		};
/* End PBXSourcesBuildPhase section */

/* Begin PBXTargetDependency section */
		C18E81572D5E453C0059C92B /* PBXTargetDependency */ = {
			isa = PBXTargetDependency;
			target = C18E813E2D5E453A0059C92B /* MyPills */;
			targetProxy = C18E81562D5E453C0059C92B /* PBXContainerItemProxy */;
		};
		C18E81612D5E453C0059C92B /* PBXTargetDependency */ = {
			isa = PBXTargetDependency;
			target = C18E813E2D5E453A0059C92B /* MyPills */;
			targetProxy = C18E81602D5E453C0059C92B /* PBXContainerItemProxy */;
		};
/* End PBXTargetDependency section */

/* Begin XCBuildConfiguration section */
		C18E81692D5E453C0059C92B /* Debug */ = {
			isa = XCBuildConfiguration;
			buildSettings = {
				ASSETCATALOG_COMPILER_APPICON_NAME = AppIcon;
				ASSETCATALOG_COMPILER_GLOBAL_ACCENT_COLOR_NAME = AccentColor;
				CODE_SIGN_STYLE = Automatic;
				CURRENT_PROJECT_VERSION = 1;
				DEVELOPMENT_TEAM = BR2776X88Q;
				GENERATE_INFOPLIST_FILE = YES;
				INFOPLIST_FILE = MyPills/Info.plist;
				INFOPLIST_KEY_CFBundleDisplayName = "My Pills";
				INFOPLIST_KEY_LSApplicationCategoryType = "public.app-category.medical";
				INFOPLIST_KEY_UIApplicationSupportsIndirectInputEvents = YES;
				INFOPLIST_KEY_UILaunchStoryboardName = LaunchScreen;
				INFOPLIST_KEY_UISupportedInterfaceOrientations_iPad = "UIInterfaceOrientationPortrait UIInterfaceOrientationPortraitUpsideDown UIInterfaceOrientationLandscapeLeft UIInterfaceOrientationLandscapeRight";
				INFOPLIST_KEY_UISupportedInterfaceOrientations_iPhone = "UIInterfaceOrientationPortrait UIInterfaceOrientationLandscapeLeft UIInterfaceOrientationLandscapeRight";
				IPHONEOS_DEPLOYMENT_TARGET = 15.6;
				LD_RUNPATH_SEARCH_PATHS = (
					"$(inherited)",
					"@executable_path/Frameworks",
				);
				MARKETING_VERSION = 1.0;
				PRODUCT_BUNDLE_IDENTIFIER = ru.KatSchreiner.MyPills;
				PRODUCT_NAME = "$(TARGET_NAME)";
				SWIFT_EMIT_LOC_STRINGS = YES;
				SWIFT_VERSION = 5.0;
				TARGETED_DEVICE_FAMILY = "1,2";
			};
			name = Debug;
		};
		C18E816A2D5E453C0059C92B /* Release */ = {
			isa = XCBuildConfiguration;
			buildSettings = {
				ASSETCATALOG_COMPILER_APPICON_NAME = AppIcon;
				ASSETCATALOG_COMPILER_GLOBAL_ACCENT_COLOR_NAME = AccentColor;
				CODE_SIGN_STYLE = Automatic;
				CURRENT_PROJECT_VERSION = 1;
				DEVELOPMENT_TEAM = BR2776X88Q;
				GENERATE_INFOPLIST_FILE = YES;
				INFOPLIST_FILE = MyPills/Info.plist;
				INFOPLIST_KEY_CFBundleDisplayName = "My Pills";
				INFOPLIST_KEY_LSApplicationCategoryType = "public.app-category.medical";
				INFOPLIST_KEY_UIApplicationSupportsIndirectInputEvents = YES;
				INFOPLIST_KEY_UILaunchStoryboardName = LaunchScreen;
				INFOPLIST_KEY_UISupportedInterfaceOrientations_iPad = "UIInterfaceOrientationPortrait UIInterfaceOrientationPortraitUpsideDown UIInterfaceOrientationLandscapeLeft UIInterfaceOrientationLandscapeRight";
				INFOPLIST_KEY_UISupportedInterfaceOrientations_iPhone = "UIInterfaceOrientationPortrait UIInterfaceOrientationLandscapeLeft UIInterfaceOrientationLandscapeRight";
				IPHONEOS_DEPLOYMENT_TARGET = 15.6;
				LD_RUNPATH_SEARCH_PATHS = (
					"$(inherited)",
					"@executable_path/Frameworks",
				);
				MARKETING_VERSION = 1.0;
				PRODUCT_BUNDLE_IDENTIFIER = ru.KatSchreiner.MyPills;
				PRODUCT_NAME = "$(TARGET_NAME)";
				SWIFT_EMIT_LOC_STRINGS = YES;
				SWIFT_VERSION = 5.0;
				TARGETED_DEVICE_FAMILY = "1,2";
			};
			name = Release;
		};
		C18E816B2D5E453C0059C92B /* Debug */ = {
			isa = XCBuildConfiguration;
			buildSettings = {
				ALWAYS_SEARCH_USER_PATHS = NO;
				ASSETCATALOG_COMPILER_GENERATE_SWIFT_ASSET_SYMBOL_EXTENSIONS = YES;
				CLANG_ANALYZER_NONNULL = YES;
				CLANG_ANALYZER_NUMBER_OBJECT_CONVERSION = YES_AGGRESSIVE;
				CLANG_CXX_LANGUAGE_STANDARD = "gnu++20";
				CLANG_ENABLE_MODULES = YES;
				CLANG_ENABLE_OBJC_ARC = YES;
				CLANG_ENABLE_OBJC_WEAK = YES;
				CLANG_WARN_BLOCK_CAPTURE_AUTORELEASING = YES;
				CLANG_WARN_BOOL_CONVERSION = YES;
				CLANG_WARN_COMMA = YES;
				CLANG_WARN_CONSTANT_CONVERSION = YES;
				CLANG_WARN_DEPRECATED_OBJC_IMPLEMENTATIONS = YES;
				CLANG_WARN_DIRECT_OBJC_ISA_USAGE = YES_ERROR;
				CLANG_WARN_DOCUMENTATION_COMMENTS = YES;
				CLANG_WARN_EMPTY_BODY = YES;
				CLANG_WARN_ENUM_CONVERSION = YES;
				CLANG_WARN_INFINITE_RECURSION = YES;
				CLANG_WARN_INT_CONVERSION = YES;
				CLANG_WARN_NON_LITERAL_NULL_CONVERSION = YES;
				CLANG_WARN_OBJC_IMPLICIT_RETAIN_SELF = YES;
				CLANG_WARN_OBJC_LITERAL_CONVERSION = YES;
				CLANG_WARN_OBJC_ROOT_CLASS = YES_ERROR;
				CLANG_WARN_QUOTED_INCLUDE_IN_FRAMEWORK_HEADER = YES;
				CLANG_WARN_RANGE_LOOP_ANALYSIS = YES;
				CLANG_WARN_STRICT_PROTOTYPES = YES;
				CLANG_WARN_SUSPICIOUS_MOVE = YES;
				CLANG_WARN_UNGUARDED_AVAILABILITY = YES_AGGRESSIVE;
				CLANG_WARN_UNREACHABLE_CODE = YES;
				CLANG_WARN__DUPLICATE_METHOD_MATCH = YES;
				COPY_PHASE_STRIP = NO;
				DEBUG_INFORMATION_FORMAT = dwarf;
				ENABLE_STRICT_OBJC_MSGSEND = YES;
				ENABLE_TESTABILITY = YES;
				ENABLE_USER_SCRIPT_SANDBOXING = YES;
				GCC_C_LANGUAGE_STANDARD = gnu17;
				GCC_DYNAMIC_NO_PIC = NO;
				GCC_NO_COMMON_BLOCKS = YES;
				GCC_OPTIMIZATION_LEVEL = 0;
				GCC_PREPROCESSOR_DEFINITIONS = (
					"DEBUG=1",
					"$(inherited)",
				);
				GCC_WARN_64_TO_32_BIT_CONVERSION = YES;
				GCC_WARN_ABOUT_RETURN_TYPE = YES_ERROR;
				GCC_WARN_UNDECLARED_SELECTOR = YES;
				GCC_WARN_UNINITIALIZED_AUTOS = YES_AGGRESSIVE;
				GCC_WARN_UNUSED_FUNCTION = YES;
				GCC_WARN_UNUSED_VARIABLE = YES;
				IPHONEOS_DEPLOYMENT_TARGET = 18.2;
				LOCALIZATION_PREFERS_STRING_CATALOGS = YES;
				MTL_ENABLE_DEBUG_INFO = INCLUDE_SOURCE;
				MTL_FAST_MATH = YES;
				ONLY_ACTIVE_ARCH = YES;
				SDKROOT = iphoneos;
				SWIFT_ACTIVE_COMPILATION_CONDITIONS = "DEBUG $(inherited)";
				SWIFT_OPTIMIZATION_LEVEL = "-Onone";
			};
			name = Debug;
		};
		C18E816C2D5E453C0059C92B /* Release */ = {
			isa = XCBuildConfiguration;
			buildSettings = {
				ALWAYS_SEARCH_USER_PATHS = NO;
				ASSETCATALOG_COMPILER_GENERATE_SWIFT_ASSET_SYMBOL_EXTENSIONS = YES;
				CLANG_ANALYZER_NONNULL = YES;
				CLANG_ANALYZER_NUMBER_OBJECT_CONVERSION = YES_AGGRESSIVE;
				CLANG_CXX_LANGUAGE_STANDARD = "gnu++20";
				CLANG_ENABLE_MODULES = YES;
				CLANG_ENABLE_OBJC_ARC = YES;
				CLANG_ENABLE_OBJC_WEAK = YES;
				CLANG_WARN_BLOCK_CAPTURE_AUTORELEASING = YES;
				CLANG_WARN_BOOL_CONVERSION = YES;
				CLANG_WARN_COMMA = YES;
				CLANG_WARN_CONSTANT_CONVERSION = YES;
				CLANG_WARN_DEPRECATED_OBJC_IMPLEMENTATIONS = YES;
				CLANG_WARN_DIRECT_OBJC_ISA_USAGE = YES_ERROR;
				CLANG_WARN_DOCUMENTATION_COMMENTS = YES;
				CLANG_WARN_EMPTY_BODY = YES;
				CLANG_WARN_ENUM_CONVERSION = YES;
				CLANG_WARN_INFINITE_RECURSION = YES;
				CLANG_WARN_INT_CONVERSION = YES;
				CLANG_WARN_NON_LITERAL_NULL_CONVERSION = YES;
				CLANG_WARN_OBJC_IMPLICIT_RETAIN_SELF = YES;
				CLANG_WARN_OBJC_LITERAL_CONVERSION = YES;
				CLANG_WARN_OBJC_ROOT_CLASS = YES_ERROR;
				CLANG_WARN_QUOTED_INCLUDE_IN_FRAMEWORK_HEADER = YES;
				CLANG_WARN_RANGE_LOOP_ANALYSIS = YES;
				CLANG_WARN_STRICT_PROTOTYPES = YES;
				CLANG_WARN_SUSPICIOUS_MOVE = YES;
				CLANG_WARN_UNGUARDED_AVAILABILITY = YES_AGGRESSIVE;
				CLANG_WARN_UNREACHABLE_CODE = YES;
				CLANG_WARN__DUPLICATE_METHOD_MATCH = YES;
				COPY_PHASE_STRIP = NO;
				DEBUG_INFORMATION_FORMAT = "dwarf-with-dsym";
				ENABLE_NS_ASSERTIONS = NO;
				ENABLE_STRICT_OBJC_MSGSEND = YES;
				ENABLE_USER_SCRIPT_SANDBOXING = YES;
				GCC_C_LANGUAGE_STANDARD = gnu17;
				GCC_NO_COMMON_BLOCKS = YES;
				GCC_WARN_64_TO_32_BIT_CONVERSION = YES;
				GCC_WARN_ABOUT_RETURN_TYPE = YES_ERROR;
				GCC_WARN_UNDECLARED_SELECTOR = YES;
				GCC_WARN_UNINITIALIZED_AUTOS = YES_AGGRESSIVE;
				GCC_WARN_UNUSED_FUNCTION = YES;
				GCC_WARN_UNUSED_VARIABLE = YES;
				IPHONEOS_DEPLOYMENT_TARGET = 18.2;
				LOCALIZATION_PREFERS_STRING_CATALOGS = YES;
				MTL_ENABLE_DEBUG_INFO = NO;
				MTL_FAST_MATH = YES;
				SDKROOT = iphoneos;
				SWIFT_COMPILATION_MODE = wholemodule;
				VALIDATE_PRODUCT = YES;
			};
			name = Release;
		};
		C18E816E2D5E453C0059C92B /* Debug */ = {
			isa = XCBuildConfiguration;
			buildSettings = {
				BUNDLE_LOADER = "$(TEST_HOST)";
				CODE_SIGN_STYLE = Automatic;
				CURRENT_PROJECT_VERSION = 1;
				DEVELOPMENT_TEAM = BR2776X88Q;
				GENERATE_INFOPLIST_FILE = YES;
				IPHONEOS_DEPLOYMENT_TARGET = 18.2;
				MARKETING_VERSION = 1.0;
				PRODUCT_BUNDLE_IDENTIFIER = ru.KatSchreiner.MyPillsTests;
				PRODUCT_NAME = "$(TARGET_NAME)";
				SWIFT_EMIT_LOC_STRINGS = NO;
				SWIFT_VERSION = 5.0;
				TARGETED_DEVICE_FAMILY = "1,2";
				TEST_HOST = "$(BUILT_PRODUCTS_DIR)/MyPills.app/$(BUNDLE_EXECUTABLE_FOLDER_PATH)/MyPills";
			};
			name = Debug;
		};
		C18E816F2D5E453C0059C92B /* Release */ = {
			isa = XCBuildConfiguration;
			buildSettings = {
				BUNDLE_LOADER = "$(TEST_HOST)";
				CODE_SIGN_STYLE = Automatic;
				CURRENT_PROJECT_VERSION = 1;
				DEVELOPMENT_TEAM = BR2776X88Q;
				GENERATE_INFOPLIST_FILE = YES;
				IPHONEOS_DEPLOYMENT_TARGET = 18.2;
				MARKETING_VERSION = 1.0;
				PRODUCT_BUNDLE_IDENTIFIER = ru.KatSchreiner.MyPillsTests;
				PRODUCT_NAME = "$(TARGET_NAME)";
				SWIFT_EMIT_LOC_STRINGS = NO;
				SWIFT_VERSION = 5.0;
				TARGETED_DEVICE_FAMILY = "1,2";
				TEST_HOST = "$(BUILT_PRODUCTS_DIR)/MyPills.app/$(BUNDLE_EXECUTABLE_FOLDER_PATH)/MyPills";
			};
			name = Release;
		};
		C18E81712D5E453C0059C92B /* Debug */ = {
			isa = XCBuildConfiguration;
			buildSettings = {
				CODE_SIGN_STYLE = Automatic;
				CURRENT_PROJECT_VERSION = 1;
				DEVELOPMENT_TEAM = BR2776X88Q;
				GENERATE_INFOPLIST_FILE = YES;
				MARKETING_VERSION = 1.0;
				PRODUCT_BUNDLE_IDENTIFIER = ru.KatSchreiner.MyPillsUITests;
				PRODUCT_NAME = "$(TARGET_NAME)";
				SWIFT_EMIT_LOC_STRINGS = NO;
				SWIFT_VERSION = 5.0;
				TARGETED_DEVICE_FAMILY = "1,2";
				TEST_TARGET_NAME = MyPills;
			};
			name = Debug;
		};
		C18E81722D5E453C0059C92B /* Release */ = {
			isa = XCBuildConfiguration;
			buildSettings = {
				CODE_SIGN_STYLE = Automatic;
				CURRENT_PROJECT_VERSION = 1;
				DEVELOPMENT_TEAM = BR2776X88Q;
				GENERATE_INFOPLIST_FILE = YES;
				MARKETING_VERSION = 1.0;
				PRODUCT_BUNDLE_IDENTIFIER = ru.KatSchreiner.MyPillsUITests;
				PRODUCT_NAME = "$(TARGET_NAME)";
				SWIFT_EMIT_LOC_STRINGS = NO;
				SWIFT_VERSION = 5.0;
				TARGETED_DEVICE_FAMILY = "1,2";
				TEST_TARGET_NAME = MyPills;
			};
			name = Release;
		};
/* End XCBuildConfiguration section */

/* Begin XCConfigurationList section */
		C18E813A2D5E453A0059C92B /* Build configuration list for PBXProject "MyPills" */ = {
			isa = XCConfigurationList;
			buildConfigurations = (
				C18E816B2D5E453C0059C92B /* Debug */,
				C18E816C2D5E453C0059C92B /* Release */,
			);
			defaultConfigurationIsVisible = 0;
			defaultConfigurationName = Release;
		};
		C18E81682D5E453C0059C92B /* Build configuration list for PBXNativeTarget "MyPills" */ = {
			isa = XCConfigurationList;
			buildConfigurations = (
				C18E81692D5E453C0059C92B /* Debug */,
				C18E816A2D5E453C0059C92B /* Release */,
			);
			defaultConfigurationIsVisible = 0;
			defaultConfigurationName = Release;
		};
		C18E816D2D5E453C0059C92B /* Build configuration list for PBXNativeTarget "MyPillsTests" */ = {
			isa = XCConfigurationList;
			buildConfigurations = (
				C18E816E2D5E453C0059C92B /* Debug */,
				C18E816F2D5E453C0059C92B /* Release */,
			);
			defaultConfigurationIsVisible = 0;
			defaultConfigurationName = Release;
		};
		C18E81702D5E453C0059C92B /* Build configuration list for PBXNativeTarget "MyPillsUITests" */ = {
			isa = XCConfigurationList;
			buildConfigurations = (
				C18E81712D5E453C0059C92B /* Debug */,
				C18E81722D5E453C0059C92B /* Release */,
			);
			defaultConfigurationIsVisible = 0;
			defaultConfigurationName = Release;
		};
/* End XCConfigurationList section */
	};
	rootObject = C18E81372D5E453A0059C92B /* Project object */;
}
